
Microsoft Visual Studio Solution File, Format Version 12.00
# Visual Studio Version 16
VisualStudioVersion = 16.0.30011.22
MinimumVisualStudioVersion = 10.0.40219.1
Project("{FAE04EC0-301F-11D3-BF4B-00C04F79EFBC}") = "WFA_Constructor", "WFA_Constructor\WFA_Constructor.csproj", "{67655FCC-AE16-4173-B9BD-4D185159BF15}"
EndProject
Global
	GlobalSection(SolutionConfigurationPlatforms) = preSolution
		Debug|Any CPU = Debug|Any CPU
		Release|Any CPU = Release|Any CPU
	EndGlobalSection
	GlobalSection(ProjectConfigurationPlatforms) = postSolution
		{67655FCC-AE16-4173-B9BD-4D185159BF15}.Debug|Any CPU.ActiveCfg = Debug|Any CPU
		{67655FCC-AE16-4173-B9BD-4D185159BF15}.Debug|Any CPU.Build.0 = Debug|Any CPU
		{67655FCC-AE16-4173-B9BD-4D185159BF15}.Release|Any CPU.ActiveCfg = Release|Any CPU
		{67655FCC-AE16-4173-B9BD-4D185159BF15}.Release|Any CPU.Build.0 = Release|Any CPU
	EndGlobalSection
	GlobalSection(SolutionProperties) = preSolution
		HideSolutionNode = FALSE
	EndGlobalSection
	GlobalSection(ExtensibilityGlobals) = postSolution
		SolutionGuid = {89FD4E7E-554E-426B-9207-66C4BFE6BA35}
	EndGlobalSection
EndGlobal
