
Microsoft Visual Studio Solution File, Format Version 12.00
# Visual Studio Version 16
VisualStudioVersion = 16.0.30011.22
MinimumVisualStudioVersion = 10.0.40219.1
Project("{FAE04EC0-301F-11D3-BF4B-00C04F79EFBC}") = "WFA_Kitap", "WFA_Kitap\WFA_Kitap.csproj", "{447699C7-2F92-435A-90F3-B0C7A34D8AA8}"
EndProject
Global
	GlobalSection(SolutionConfigurationPlatforms) = preSolution
		Debug|Any CPU = Debug|Any CPU
		Release|Any CPU = Release|Any CPU
	EndGlobalSection
	GlobalSection(ProjectConfigurationPlatforms) = postSolution
		{447699C7-2F92-435A-90F3-B0C7A34D8AA8}.Debug|Any CPU.ActiveCfg = Debug|Any CPU
		{447699C7-2F92-435A-90F3-B0C7A34D8AA8}.Debug|Any CPU.Build.0 = Debug|Any CPU
		{447699C7-2F92-435A-90F3-B0C7A34D8AA8}.Release|Any CPU.ActiveCfg = Release|Any CPU
		{447699C7-2F92-435A-90F3-B0C7A34D8AA8}.Release|Any CPU.Build.0 = Release|Any CPU
	EndGlobalSection
	GlobalSection(SolutionProperties) = preSolution
		HideSolutionNode = FALSE
	EndGlobalSection
	GlobalSection(ExtensibilityGlobals) = postSolution
		SolutionGuid = {8418A2AD-7A89-491A-81B8-A5559AE06F4A}
	EndGlobalSection
EndGlobal
